
Microsoft Visual Studio Solution File, Format Version 12.00
# Visual Studio Version 17
VisualStudioVersion = 17.9.34616.47
MinimumVisualStudioVersion = 10.0.40219.1
Project("{FAE04EC0-301F-11D3-BF4B-00C04F79EFBC}") = "cinemashelf", "cinemashelf.csproj", "{33CEF39D-1B56-41A7-BC78-98E6B51A9722}"
EndProject
Global
	GlobalSection(SolutionConfigurationPlatforms) = preSolution
		Debug|Any CPU = Debug|Any CPU
		Release|Any CPU = Release|Any CPU
	EndGlobalSection
	GlobalSection(ProjectConfigurationPlatforms) = postSolution
		{33CEF39D-1B56-41A7-BC78-98E6B51A9722}.Debug|Any CPU.ActiveCfg = Debug|Any CPU
		{33CEF39D-1B56-41A7-BC78-98E6B51A9722}.Debug|Any CPU.Build.0 = Debug|Any CPU
		{33CEF39D-1B56-41A7-BC78-98E6B51A9722}.Release|Any CPU.ActiveCfg = Release|Any CPU
		{33CEF39D-1B56-41A7-BC78-98E6B51A9722}.Release|Any CPU.Build.0 = Release|Any CPU
	EndGlobalSection
	GlobalSection(SolutionProperties) = preSolution
		HideSolutionNode = FALSE
	EndGlobalSection
	GlobalSection(ExtensibilityGlobals) = postSolution
		SolutionGuid = {E6F39B0C-01EB-4B4B-92E7-805309C6132D}
	EndGlobalSection
EndGlobal
